
Microsoft Visual Studio Solution File, Format Version 12.00
# Visual Studio Version 17
VisualStudioVersion = 17.9.34728.123
MinimumVisualStudioVersion = 10.0.40219.1
Project("{FAE04EC0-301F-11D3-BF4B-00C04F79EFBC}") = "AngularAuthAPI", "AngularAuthAPI\AngularAuthAPI.csproj", "{DEACBA10-FF62-45CD-A573-3A3389CE5668}"
EndProject
Global
	GlobalSection(SolutionConfigurationPlatforms) = preSolution
		Debug|Any CPU = Debug|Any CPU
		Release|Any CPU = Release|Any CPU
	EndGlobalSection
	GlobalSection(ProjectConfigurationPlatforms) = postSolution
		{DEACBA10-FF62-45CD-A573-3A3389CE5668}.Debug|Any CPU.ActiveCfg = Debug|Any CPU
		{DEACBA10-FF62-45CD-A573-3A3389CE5668}.Debug|Any CPU.Build.0 = Debug|Any CPU
		{DEACBA10-FF62-45CD-A573-3A3389CE5668}.Release|Any CPU.ActiveCfg = Release|Any CPU
		{DEACBA10-FF62-45CD-A573-3A3389CE5668}.Release|Any CPU.Build.0 = Release|Any CPU
	EndGlobalSection
	GlobalSection(SolutionProperties) = preSolution
		HideSolutionNode = FALSE
	EndGlobalSection
	GlobalSection(ExtensibilityGlobals) = postSolution
		SolutionGuid = {2FF9BD92-EAB2-4BFC-84F0-D553A591339C}
	EndGlobalSection
EndGlobal
